[[package]]
name = "aries-askar"
version = "0.2.4"
description = ""
category = "main"
optional = false
python-versions = ">=3.6.3"

[package.dependencies]
cached-property = ">=1.5,<2.0"

[[package]]
name = "base58"
version = "2.1.1"
description = "Base58 and Base58Check implementation."
category = "main"
optional = false
python-versions = ">=3.5"

[package.extras]
tests = ["mypy", "PyHamcrest (>=2.0.2)", "pytest (>=4.6)", "pytest-benchmark", "pytest-cov", "pytest-flake8"]

[[package]]
name = "cached-property"
version = "1.5.2"
description = "A decorator for caching properties in classes."
category = "main"
optional = false
python-versions = "*"

[[package]]
name = "python3-indy"
version = "1.16.0.post208"
description = "This is the official SDK for Hyperledger Indy (https://www.hyperledger.org/projects), which provides a distributed-ledger-based foundation for self-sovereign identity (https://sovrin.org). The major artifact of the SDK is a c-callable library."
category = "main"
optional = false
python-versions = "*"

[package.dependencies]
base58 = "*"

[package.extras]
test = ["pytest (<3.7)", "pytest-asyncio (==0.10.0)", "base58"]

[metadata]
lock-version = "1.1"
python-versions = "^3.7"
content-hash = "056858a6420f177678b81af65ce3680f0af2689ac9b69d0775612341d4dbc09c"

[metadata.files]
aries-askar = [
    {file = "aries_askar-0.2.4-py3-none-macosx_10_9_universal2.whl", hash = "sha256:1fe5309a499996a76416d460f8b05e0a401136e4bcf529c744ed8fac7cb69e0c"},
    {file = "aries_askar-0.2.4-py3-none-manylinux2014_x86_64.whl", hash = "sha256:26123d306610a0af41bc23526b354ba1c349d81fa552fa2dcefb0b1b0b1f5edf"},
    {file = "aries_askar-0.2.4-py3-none-win_amd64.whl", hash = "sha256:d271ad7174cb0d35cdc417e3e7d95fa108b7ea8cb25ce8a418426abf4c004247"},
]
base58 = [
    {file = "base58-2.1.1-py3-none-any.whl", hash = "sha256:11a36f4d3ce51dfc1043f3218591ac4eb1ceb172919cebe05b52a5bcc8d245c2"},
    {file = "base58-2.1.1.tar.gz", hash = "sha256:c5d0cb3f5b6e81e8e35da5754388ddcc6d0d14b6c6a132cb93d69ed580a7278c"},
]
cached-property = [
    {file = "cached-property-1.5.2.tar.gz", hash = "sha256:9fa5755838eecbb2d234c3aa390bd80fbd3ac6b6869109bfc1b499f7bd89a130"},
    {file = "cached_property-1.5.2-py2.py3-none-any.whl", hash = "sha256:df4f613cf7ad9a588cc381aaf4a512d26265ecebd5eb9e1ba12f1319eb85a6a0"},
]
python3-indy = [
    {file = "python3-indy-1.16.0-post-208.tar.gz", hash = "sha256:aec68b5ef81688d86a1ca877c9a675bcbcf85e9b4d2d29beb968240a1bd72275"},
]
